// !$*UTF8*$!
{
	archiveVersion = 1;
	classes = {
	};
	objectVersion = 77;
	objects = {

/* Begin PBXBuildFile section */
		742CDFEBF352978860AA4B5E /* Pods_sportsAppTests.framework in Frameworks */ = {isa = PBXBuildFile; fileRef = 0D2F084ABF5B8AAB5DACDC3D /* Pods_sportsAppTests.framework */; };
		7F6CAFF253B0E25CDD6C6AFF /* Pods_sportsApp.framework in Frameworks */ = {isa = PBXBuildFile; fileRef = E15A23183FEC06CD72B54322 /* Pods_sportsApp.framework */; };
		B260E03AED3FBDC0772AED48 /* Pods_sportsApp_sportsAppUITests.framework in Frameworks */ = {isa = PBXBuildFile; fileRef = 1B1AA788C36C689CA594351F /* Pods_sportsApp_sportsAppUITests.framework */; };
/* End PBXBuildFile section */

/* Begin PBXContainerItemProxy section */
		C40DAC122D46EEE900BDEA5F /* PBXContainerItemProxy */ = {
			isa = PBXContainerItemProxy;
			containerPortal = C40DABF32D46EEE700BDEA5F /* Project object */;
			proxyType = 1;
			remoteGlobalIDString = C40DABFA2D46EEE700BDEA5F;
			remoteInfo = sportsApp;
		};
		C40DAC1C2D46EEE900BDEA5F /* PBXContainerItemProxy */ = {
			isa = PBXContainerItemProxy;
			containerPortal = C40DABF32D46EEE700BDEA5F /* Project object */;
			proxyType = 1;
			remoteGlobalIDString = C40DABFA2D46EEE700BDEA5F;
			remoteInfo = sportsApp;
		};
/* End PBXContainerItemProxy section */

/* Begin PBXFileReference section */
		0D2F084ABF5B8AAB5DACDC3D /* Pods_sportsAppTests.framework */ = {isa = PBXFileReference; explicitFileType = wrapper.framework; includeInIndex = 0; path = Pods_sportsAppTests.framework; sourceTree = BUILT_PRODUCTS_DIR; };
		1AC54A2E1F5FAF02BB92BA95 /* Pods-sportsApp.release.xcconfig */ = {isa = PBXFileReference; includeInIndex = 1; lastKnownFileType = text.xcconfig; name = "Pods-sportsApp.release.xcconfig"; path = "Target Support Files/Pods-sportsApp/Pods-sportsApp.release.xcconfig"; sourceTree = "<group>"; };
		1B1AA788C36C689CA594351F /* Pods_sportsApp_sportsAppUITests.framework */ = {isa = PBXFileReference; explicitFileType = wrapper.framework; includeInIndex = 0; path = Pods_sportsApp_sportsAppUITests.framework; sourceTree = BUILT_PRODUCTS_DIR; };
		5299D8BA2CE7FFA0C1194305 /* Pods-sportsApp-sportsAppUITests.debug.xcconfig */ = {isa = PBXFileReference; includeInIndex = 1; lastKnownFileType = text.xcconfig; name = "Pods-sportsApp-sportsAppUITests.debug.xcconfig"; path = "Target Support Files/Pods-sportsApp-sportsAppUITests/Pods-sportsApp-sportsAppUITests.debug.xcconfig"; sourceTree = "<group>"; };
		978023354CC09C8CBFDD6E43 /* Pods-sportsApp-sportsAppUITests.release.xcconfig */ = {isa = PBXFileReference; includeInIndex = 1; lastKnownFileType = text.xcconfig; name = "Pods-sportsApp-sportsAppUITests.release.xcconfig"; path = "Target Support Files/Pods-sportsApp-sportsAppUITests/Pods-sportsApp-sportsAppUITests.release.xcconfig"; sourceTree = "<group>"; };
		AC6F0AC1E47CC018DD81677B /* Pods-sportsApp.debug.xcconfig */ = {isa = PBXFileReference; includeInIndex = 1; lastKnownFileType = text.xcconfig; name = "Pods-sportsApp.debug.xcconfig"; path = "Target Support Files/Pods-sportsApp/Pods-sportsApp.debug.xcconfig"; sourceTree = "<group>"; };
		C40DABFB2D46EEE700BDEA5F /* sportsApp.app */ = {isa = PBXFileReference; explicitFileType = wrapper.application; includeInIndex = 0; path = sportsApp.app; sourceTree = BUILT_PRODUCTS_DIR; };
		C40DAC112D46EEE900BDEA5F /* sportsAppTests.xctest */ = {isa = PBXFileReference; explicitFileType = wrapper.cfbundle; includeInIndex = 0; path = sportsAppTests.xctest; sourceTree = BUILT_PRODUCTS_DIR; };
		C40DAC1B2D46EEE900BDEA5F /* sportsAppUITests.xctest */ = {isa = PBXFileReference; explicitFileType = wrapper.cfbundle; includeInIndex = 0; path = sportsAppUITests.xctest; sourceTree = BUILT_PRODUCTS_DIR; };
		CD5B2D3E18BCFCC6C6DD68D4 /* Pods-sportsAppTests.debug.xcconfig */ = {isa = PBXFileReference; includeInIndex = 1; lastKnownFileType = text.xcconfig; name = "Pods-sportsAppTests.debug.xcconfig"; path = "Target Support Files/Pods-sportsAppTests/Pods-sportsAppTests.debug.xcconfig"; sourceTree = "<group>"; };
		D974FA7D718EA7EB8D7602D0 /* Pods-sportsAppTests.release.xcconfig */ = {isa = PBXFileReference; includeInIndex = 1; lastKnownFileType = text.xcconfig; name = "Pods-sportsAppTests.release.xcconfig"; path = "Target Support Files/Pods-sportsAppTests/Pods-sportsAppTests.release.xcconfig"; sourceTree = "<group>"; };
		E15A23183FEC06CD72B54322 /* Pods_sportsApp.framework */ = {isa = PBXFileReference; explicitFileType = wrapper.framework; includeInIndex = 0; path = Pods_sportsApp.framework; sourceTree = BUILT_PRODUCTS_DIR; };
/* End PBXFileReference section */

/* Begin PBXFileSystemSynchronizedBuildFileExceptionSet section */
		C40DAC232D46EEE900BDEA5F /* Exceptions for "sportsApp" folder in "sportsApp" target */ = {
			isa = PBXFileSystemSynchronizedBuildFileExceptionSet;
			membershipExceptions = (
				Info.plist,
			);
			target = C40DABFA2D46EEE700BDEA5F /* sportsApp */;
		};
/* End PBXFileSystemSynchronizedBuildFileExceptionSet section */

/* Begin PBXFileSystemSynchronizedRootGroup section */
		C40DABFD2D46EEE700BDEA5F /* sportsApp */ = {
			isa = PBXFileSystemSynchronizedRootGroup;
			exceptions = (
				C40DAC232D46EEE900BDEA5F /* Exceptions for "sportsApp" folder in "sportsApp" target */,
			);
			path = sportsApp;
			sourceTree = "<group>";
		};
		C40DAC142D46EEE900BDEA5F /* sportsAppTests */ = {
			isa = PBXFileSystemSynchronizedRootGroup;
			path = sportsAppTests;
			sourceTree = "<group>";
		};
		C40DAC1E2D46EEE900BDEA5F /* sportsAppUITests */ = {
			isa = PBXFileSystemSynchronizedRootGroup;
			path = sportsAppUITests;
			sourceTree = "<group>";
		};
/* End PBXFileSystemSynchronizedRootGroup section */

/* Begin PBXFrameworksBuildPhase section */
		C40DABF82D46EEE700BDEA5F /* Frameworks */ = {
			isa = PBXFrameworksBuildPhase;
			buildActionMask = 2147483647;
			files = (
				7F6CAFF253B0E25CDD6C6AFF /* Pods_sportsApp.framework in Frameworks */,
			);
			runOnlyForDeploymentPostprocessing = 0;
		};
		C40DAC0E2D46EEE900BDEA5F /* Frameworks */ = {
			isa = PBXFrameworksBuildPhase;
			buildActionMask = 2147483647;
			files = (
				742CDFEBF352978860AA4B5E /* Pods_sportsAppTests.framework in Frameworks */,
			);
			runOnlyForDeploymentPostprocessing = 0;
		};
		C40DAC182D46EEE900BDEA5F /* Frameworks */ = {
			isa = PBXFrameworksBuildPhase;
			buildActionMask = 2147483647;
			files = (
				B260E03AED3FBDC0772AED48 /* Pods_sportsApp_sportsAppUITests.framework in Frameworks */,
			);
			runOnlyForDeploymentPostprocessing = 0;
		};
/* End PBXFrameworksBuildPhase section */

/* Begin PBXGroup section */
		398876065B93EF64524638B2 /* Frameworks */ = {
			isa = PBXGroup;
			children = (
				E15A23183FEC06CD72B54322 /* Pods_sportsApp.framework */,
				1B1AA788C36C689CA594351F /* Pods_sportsApp_sportsAppUITests.framework */,
				0D2F084ABF5B8AAB5DACDC3D /* Pods_sportsAppTests.framework */,
			);
			name = Frameworks;
			sourceTree = "<group>";
		};
		C40DABF22D46EEE700BDEA5F = {
			isa = PBXGroup;
			children = (
				C40DABFD2D46EEE700BDEA5F /* sportsApp */,
				C40DAC142D46EEE900BDEA5F /* sportsAppTests */,
				C40DAC1E2D46EEE900BDEA5F /* sportsAppUITests */,
				C40DABFC2D46EEE700BDEA5F /* Products */,
				D67FA5D4EB4526BD27BAD6B5 /* Pods */,
				398876065B93EF64524638B2 /* Frameworks */,
			);
			sourceTree = "<group>";
		};
		C40DABFC2D46EEE700BDEA5F /* Products */ = {
			isa = PBXGroup;
			children = (
				C40DABFB2D46EEE700BDEA5F /* sportsApp.app */,
				C40DAC112D46EEE900BDEA5F /* sportsAppTests.xctest */,
				C40DAC1B2D46EEE900BDEA5F /* sportsAppUITests.xctest */,
			);
			name = Products;
			sourceTree = "<group>";
		};
		D67FA5D4EB4526BD27BAD6B5 /* Pods */ = {
			isa = PBXGroup;
			children = (
				AC6F0AC1E47CC018DD81677B /* Pods-sportsApp.debug.xcconfig */,
				1AC54A2E1F5FAF02BB92BA95 /* Pods-sportsApp.release.xcconfig */,
				5299D8BA2CE7FFA0C1194305 /* Pods-sportsApp-sportsAppUITests.debug.xcconfig */,
				978023354CC09C8CBFDD6E43 /* Pods-sportsApp-sportsAppUITests.release.xcconfig */,
				CD5B2D3E18BCFCC6C6DD68D4 /* Pods-sportsAppTests.debug.xcconfig */,
				D974FA7D718EA7EB8D7602D0 /* Pods-sportsAppTests.release.xcconfig */,
			);
			path = Pods;
			sourceTree = "<group>";
		};
/* End PBXGroup section */

/* Begin PBXNativeTarget section */
		C40DABFA2D46EEE700BDEA5F /* sportsApp */ = {
			isa = PBXNativeTarget;
			buildConfigurationList = C40DAC242D46EEE900BDEA5F /* Build configuration list for PBXNativeTarget "sportsApp" */;
			buildPhases = (
				C1DEE97D149EF7863AD13D5A /* [CP] Check Pods Manifest.lock */,
				C40DABF72D46EEE700BDEA5F /* Sources */,
				C40DABF82D46EEE700BDEA5F /* Frameworks */,
				C40DABF92D46EEE700BDEA5F /* Resources */,
				F6EB883E87F8FBCAA69B78CE /* [CP] Embed Pods Frameworks */,
			);
			buildRules = (
			);
			dependencies = (
			);
			fileSystemSynchronizedGroups = (
				C40DABFD2D46EEE700BDEA5F /* sportsApp */,
			);
			name = sportsApp;
			productName = sportsApp;
			productReference = C40DABFB2D46EEE700BDEA5F /* sportsApp.app */;
			productType = "com.apple.product-type.application";
		};
		C40DAC102D46EEE900BDEA5F /* sportsAppTests */ = {
			isa = PBXNativeTarget;
			buildConfigurationList = C40DAC292D46EEE900BDEA5F /* Build configuration list for PBXNativeTarget "sportsAppTests" */;
			buildPhases = (
				D9B85D3FD65FD7D95FBA4B64 /* [CP] Check Pods Manifest.lock */,
				C40DAC0D2D46EEE900BDEA5F /* Sources */,
				C40DAC0E2D46EEE900BDEA5F /* Frameworks */,
				C40DAC0F2D46EEE900BDEA5F /* Resources */,
			);
			buildRules = (
			);
			dependencies = (
				C40DAC132D46EEE900BDEA5F /* PBXTargetDependency */,
			);
			fileSystemSynchronizedGroups = (
				C40DAC142D46EEE900BDEA5F /* sportsAppTests */,
			);
			name = sportsAppTests;
			productName = sportsAppTests;
			productReference = C40DAC112D46EEE900BDEA5F /* sportsAppTests.xctest */;
			productType = "com.apple.product-type.bundle.unit-test";
		};
		C40DAC1A2D46EEE900BDEA5F /* sportsAppUITests */ = {
			isa = PBXNativeTarget;
			buildConfigurationList = C40DAC2C2D46EEE900BDEA5F /* Build configuration list for PBXNativeTarget "sportsAppUITests" */;
			buildPhases = (
				25E2CC90E0E675B014B24731 /* [CP] Check Pods Manifest.lock */,
				C40DAC172D46EEE900BDEA5F /* Sources */,
				C40DAC182D46EEE900BDEA5F /* Frameworks */,
				C40DAC192D46EEE900BDEA5F /* Resources */,
				58541130A516441FBF797541 /* [CP] Embed Pods Frameworks */,
			);
			buildRules = (
			);
			dependencies = (
				C40DAC1D2D46EEE900BDEA5F /* PBXTargetDependency */,
			);
			fileSystemSynchronizedGroups = (
				C40DAC1E2D46EEE900BDEA5F /* sportsAppUITests */,
			);
			name = sportsAppUITests;
			productName = sportsAppUITests;
			productReference = C40DAC1B2D46EEE900BDEA5F /* sportsAppUITests.xctest */;
			productType = "com.apple.product-type.bundle.ui-testing";
		};
/* End PBXNativeTarget section */

/* Begin PBXProject section */
		C40DABF32D46EEE700BDEA5F /* Project object */ = {
			isa = PBXProject;
			attributes = {
				BuildIndependentTargetsInParallel = 1;
				LastSwiftUpdateCheck = 1620;
				LastUpgradeCheck = 1620;
				TargetAttributes = {
					C40DABFA2D46EEE700BDEA5F = {
						CreatedOnToolsVersion = 16.2;
					};
					C40DAC102D46EEE900BDEA5F = {
						CreatedOnToolsVersion = 16.2;
						TestTargetID = C40DABFA2D46EEE700BDEA5F;
					};
					C40DAC1A2D46EEE900BDEA5F = {
						CreatedOnToolsVersion = 16.2;
						TestTargetID = C40DABFA2D46EEE700BDEA5F;
					};
				};
			};
			buildConfigurationList = C40DABF62D46EEE700BDEA5F /* Build configuration list for PBXProject "sportsApp" */;
			developmentRegion = en;
			hasScannedForEncodings = 0;
			knownRegions = (
				en,
				Base,
			);
			mainGroup = C40DABF22D46EEE700BDEA5F;
			minimizedProjectReferenceProxies = 1;
			packageReferences = (
			);
			preferredProjectObjectVersion = 77;
			productRefGroup = C40DABFC2D46EEE700BDEA5F /* Products */;
			projectDirPath = "";
			projectRoot = "";
			targets = (
				C40DABFA2D46EEE700BDEA5F /* sportsApp */,
				C40DAC102D46EEE900BDEA5F /* sportsAppTests */,
				C40DAC1A2D46EEE900BDEA5F /* sportsAppUITests */,
			);
		};
/* End PBXProject section */

/* Begin PBXResourcesBuildPhase section */
		C40DABF92D46EEE700BDEA5F /* Resources */ = {
			isa = PBXResourcesBuildPhase;
			buildActionMask = 2147483647;
			files = (
			);
			runOnlyForDeploymentPostprocessing = 0;
		};
		C40DAC0F2D46EEE900BDEA5F /* Resources */ = {
			isa = PBXResourcesBuildPhase;
			buildActionMask = 2147483647;
			files = (
			);
			runOnlyForDeploymentPostprocessing = 0;
		};
		C40DAC192D46EEE900BDEA5F /* Resources */ = {
			isa = PBXResourcesBuildPhase;
			buildActionMask = 2147483647;
			files = (
			);
			runOnlyForDeploymentPostprocessing = 0;
		};
/* End PBXResourcesBuildPhase section */

/* Begin PBXShellScriptBuildPhase section */
		25E2CC90E0E675B014B24731 /* [CP] Check Pods Manifest.lock */ = {
			isa = PBXShellScriptBuildPhase;
			buildActionMask = 2147483647;
			files = (
			);
			inputFileListPaths = (
			);
			inputPaths = (
				"${PODS_PODFILE_DIR_PATH}/Podfile.lock",
				"${PODS_ROOT}/Manifest.lock",
			);
			name = "[CP] Check Pods Manifest.lock";
			outputFileListPaths = (
			);
			outputPaths = (
				"$(DERIVED_FILE_DIR)/Pods-sportsApp-sportsAppUITests-checkManifestLockResult.txt",
			);
			runOnlyForDeploymentPostprocessing = 0;
			shellPath = /bin/sh;
			shellScript = "diff \"${PODS_PODFILE_DIR_PATH}/Podfile.lock\" \"${PODS_ROOT}/Manifest.lock\" > /dev/null\nif [ $? != 0 ] ; then\n    # print error to STDERR\n    echo \"error: The sandbox is not in sync with the Podfile.lock. Run 'pod install' or update your CocoaPods installation.\" >&2\n    exit 1\nfi\n# This output is used by Xcode 'outputs' to avoid re-running this script phase.\necho \"SUCCESS\" > \"${SCRIPT_OUTPUT_FILE_0}\"\n";
			showEnvVarsInLog = 0;
		};
		58541130A516441FBF797541 /* [CP] Embed Pods Frameworks */ = {
			isa = PBXShellScriptBuildPhase;
			buildActionMask = 2147483647;
			files = (
			);
			inputFileListPaths = (
				"${PODS_ROOT}/Target Support Files/Pods-sportsApp-sportsAppUITests/Pods-sportsApp-sportsAppUITests-frameworks-${CONFIGURATION}-input-files.xcfilelist",
			);
			name = "[CP] Embed Pods Frameworks";
			outputFileListPaths = (
				"${PODS_ROOT}/Target Support Files/Pods-sportsApp-sportsAppUITests/Pods-sportsApp-sportsAppUITests-frameworks-${CONFIGURATION}-output-files.xcfilelist",
			);
			runOnlyForDeploymentPostprocessing = 0;
			shellPath = /bin/sh;
			shellScript = "\"${PODS_ROOT}/Target Support Files/Pods-sportsApp-sportsAppUITests/Pods-sportsApp-sportsAppUITests-frameworks.sh\"\n";
			showEnvVarsInLog = 0;
		};
		C1DEE97D149EF7863AD13D5A /* [CP] Check Pods Manifest.lock */ = {
			isa = PBXShellScriptBuildPhase;
			buildActionMask = 2147483647;
			files = (
			);
			inputFileListPaths = (
			);
			inputPaths = (
				"${PODS_PODFILE_DIR_PATH}/Podfile.lock",
				"${PODS_ROOT}/Manifest.lock",
			);
			name = "[CP] Check Pods Manifest.lock";
			outputFileListPaths = (
			);
			outputPaths = (
				"$(DERIVED_FILE_DIR)/Pods-sportsApp-checkManifestLockResult.txt",
			);
			runOnlyForDeploymentPostprocessing = 0;
			shellPath = /bin/sh;
			shellScript = "diff \"${PODS_PODFILE_DIR_PATH}/Podfile.lock\" \"${PODS_ROOT}/Manifest.lock\" > /dev/null\nif [ $? != 0 ] ; then\n    # print error to STDERR\n    echo \"error: The sandbox is not in sync with the Podfile.lock. Run 'pod install' or update your CocoaPods installation.\" >&2\n    exit 1\nfi\n# This output is used by Xcode 'outputs' to avoid re-running this script phase.\necho \"SUCCESS\" > \"${SCRIPT_OUTPUT_FILE_0}\"\n";
			showEnvVarsInLog = 0;
		};
		D9B85D3FD65FD7D95FBA4B64 /* [CP] Check Pods Manifest.lock */ = {
			isa = PBXShellScriptBuildPhase;
			buildActionMask = 2147483647;
			files = (
			);
			inputFileListPaths = (
			);
			inputPaths = (
				"${PODS_PODFILE_DIR_PATH}/Podfile.lock",
				"${PODS_ROOT}/Manifest.lock",
			);
			name = "[CP] Check Pods Manifest.lock";
			outputFileListPaths = (
			);
			outputPaths = (
				"$(DERIVED_FILE_DIR)/Pods-sportsAppTests-checkManifestLockResult.txt",
			);
			runOnlyForDeploymentPostprocessing = 0;
			shellPath = /bin/sh;
			shellScript = "diff \"${PODS_PODFILE_DIR_PATH}/Podfile.lock\" \"${PODS_ROOT}/Manifest.lock\" > /dev/null\nif [ $? != 0 ] ; then\n    # print error to STDERR\n    echo \"error: The sandbox is not in sync with the Podfile.lock. Run 'pod install' or update your CocoaPods installation.\" >&2\n    exit 1\nfi\n# This output is used by Xcode 'outputs' to avoid re-running this script phase.\necho \"SUCCESS\" > \"${SCRIPT_OUTPUT_FILE_0}\"\n";
			showEnvVarsInLog = 0;
		};
		F6EB883E87F8FBCAA69B78CE /* [CP] Embed Pods Frameworks */ = {
			isa = PBXShellScriptBuildPhase;
			buildActionMask = 2147483647;
			files = (
			);
			inputFileListPaths = (
				"${PODS_ROOT}/Target Support Files/Pods-sportsApp/Pods-sportsApp-frameworks-${CONFIGURATION}-input-files.xcfilelist",
			);
			name = "[CP] Embed Pods Frameworks";
			outputFileListPaths = (
				"${PODS_ROOT}/Target Support Files/Pods-sportsApp/Pods-sportsApp-frameworks-${CONFIGURATION}-output-files.xcfilelist",
			);
			runOnlyForDeploymentPostprocessing = 0;
			shellPath = /bin/sh;
			shellScript = "\"${PODS_ROOT}/Target Support Files/Pods-sportsApp/Pods-sportsApp-frameworks.sh\"\n";
			showEnvVarsInLog = 0;
		};
/* End PBXShellScriptBuildPhase section */

/* Begin PBXSourcesBuildPhase section */
		C40DABF72D46EEE700BDEA5F /* Sources */ = {
			isa = PBXSourcesBuildPhase;
			buildActionMask = 2147483647;
			files = (
			);
			runOnlyForDeploymentPostprocessing = 0;
		};
		C40DAC0D2D46EEE900BDEA5F /* Sources */ = {
			isa = PBXSourcesBuildPhase;
			buildActionMask = 2147483647;
			files = (
			);
			runOnlyForDeploymentPostprocessing = 0;
		};
		C40DAC172D46EEE900BDEA5F /* Sources */ = {
			isa = PBXSourcesBuildPhase;
			buildActionMask = 2147483647;
			files = (
			);
			runOnlyForDeploymentPostprocessing = 0;
		};
/* End PBXSourcesBuildPhase section */

/* Begin PBXTargetDependency section */
		C40DAC132D46EEE900BDEA5F /* PBXTargetDependency */ = {
			isa = PBXTargetDependency;
			target = C40DABFA2D46EEE700BDEA5F /* sportsApp */;
			targetProxy = C40DAC122D46EEE900BDEA5F /* PBXContainerItemProxy */;
		};
		C40DAC1D2D46EEE900BDEA5F /* PBXTargetDependency */ = {
			isa = PBXTargetDependency;
			target = C40DABFA2D46EEE700BDEA5F /* sportsApp */;
			targetProxy = C40DAC1C2D46EEE900BDEA5F /* PBXContainerItemProxy */;
		};
/* End PBXTargetDependency section */

/* Begin XCBuildConfiguration section */
		C40DAC252D46EEE900BDEA5F /* Debug */ = {
			isa = XCBuildConfiguration;
			baseConfigurationReference = AC6F0AC1E47CC018DD81677B /* Pods-sportsApp.debug.xcconfig */;
			buildSettings = {
				ASSETCATALOG_COMPILER_APPICON_NAME = AppIcon;
				ASSETCATALOG_COMPILER_GLOBAL_ACCENT_COLOR_NAME = AccentColor;
				CODE_SIGN_STYLE = Automatic;
				CURRENT_PROJECT_VERSION = 1;
				GENERATE_INFOPLIST_FILE = YES;
				INFOPLIST_FILE = sportsApp/Info.plist;
				INFOPLIST_KEY_UIApplicationSupportsIndirectInputEvents = YES;
				INFOPLIST_KEY_UILaunchStoryboardName = LaunchScreen;
				INFOPLIST_KEY_UIMainStoryboardFile = Main;
				INFOPLIST_KEY_UISupportedInterfaceOrientations_iPad = "UIInterfaceOrientationPortrait UIInterfaceOrientationPortraitUpsideDown UIInterfaceOrientationLandscapeLeft UIInterfaceOrientationLandscapeRight";
				INFOPLIST_KEY_UISupportedInterfaceOrientations_iPhone = "UIInterfaceOrientationPortrait UIInterfaceOrientationLandscapeLeft UIInterfaceOrientationLandscapeRight";
				LD_RUNPATH_SEARCH_PATHS = (
					"$(inherited)",
					"@executable_path/Frameworks",
				);
				MARKETING_VERSION = 1.0;
				PRODUCT_BUNDLE_IDENTIFIER = iti.sportsApp;
				PRODUCT_NAME = "$(TARGET_NAME)";
				SWIFT_EMIT_LOC_STRINGS = YES;
				SWIFT_VERSION = 5.0;
				TARGETED_DEVICE_FAMILY = "1,2";
			};
			name = Debug;
		};
		C40DAC262D46EEE900BDEA5F /* Release */ = {
			isa = XCBuildConfiguration;
			baseConfigurationReference = 1AC54A2E1F5FAF02BB92BA95 /* Pods-sportsApp.release.xcconfig */;
			buildSettings = {
				ASSETCATALOG_COMPILER_APPICON_NAME = AppIcon;
				ASSETCATALOG_COMPILER_GLOBAL_ACCENT_COLOR_NAME = AccentColor;
				CODE_SIGN_STYLE = Automatic;
				CURRENT_PROJECT_VERSION = 1;
				GENERATE_INFOPLIST_FILE = YES;
				INFOPLIST_FILE = sportsApp/Info.plist;
				INFOPLIST_KEY_UIApplicationSupportsIndirectInputEvents = YES;
				INFOPLIST_KEY_UILaunchStoryboardName = LaunchScreen;
				INFOPLIST_KEY_UIMainStoryboardFile = Main;
				INFOPLIST_KEY_UISupportedInterfaceOrientations_iPad = "UIInterfaceOrientationPortrait UIInterfaceOrientationPortraitUpsideDown UIInterfaceOrientationLandscapeLeft UIInterfaceOrientationLandscapeRight";
				INFOPLIST_KEY_UISupportedInterfaceOrientations_iPhone = "UIInterfaceOrientationPortrait UIInterfaceOrientationLandscapeLeft UIInterfaceOrientationLandscapeRight";
				LD_RUNPATH_SEARCH_PATHS = (
					"$(inherited)",
					"@executable_path/Frameworks",
				);
				MARKETING_VERSION = 1.0;
				PRODUCT_BUNDLE_IDENTIFIER = iti.sportsApp;
				PRODUCT_NAME = "$(TARGET_NAME)";
				SWIFT_EMIT_LOC_STRINGS = YES;
				SWIFT_VERSION = 5.0;
				TARGETED_DEVICE_FAMILY = "1,2";
			};
			name = Release;
		};
		C40DAC272D46EEE900BDEA5F /* Debug */ = {
			isa = XCBuildConfiguration;
			buildSettings = {
				ALWAYS_SEARCH_USER_PATHS = NO;
				ASSETCATALOG_COMPILER_GENERATE_SWIFT_ASSET_SYMBOL_EXTENSIONS = YES;
				CLANG_ANALYZER_NONNULL = YES;
				CLANG_ANALYZER_NUMBER_OBJECT_CONVERSION = YES_AGGRESSIVE;
				CLANG_CXX_LANGUAGE_STANDARD = "gnu++20";
				CLANG_ENABLE_MODULES = YES;
				CLANG_ENABLE_OBJC_ARC = YES;
				CLANG_ENABLE_OBJC_WEAK = YES;
				CLANG_WARN_BLOCK_CAPTURE_AUTORELEASING = YES;
				CLANG_WARN_BOOL_CONVERSION = YES;
				CLANG_WARN_COMMA = YES;
				CLANG_WARN_CONSTANT_CONVERSION = YES;
				CLANG_WARN_DEPRECATED_OBJC_IMPLEMENTATIONS = YES;
				CLANG_WARN_DIRECT_OBJC_ISA_USAGE = YES_ERROR;
				CLANG_WARN_DOCUMENTATION_COMMENTS = YES;
				CLANG_WARN_EMPTY_BODY = YES;
				CLANG_WARN_ENUM_CONVERSION = YES;
				CLANG_WARN_INFINITE_RECURSION = YES;
				CLANG_WARN_INT_CONVERSION = YES;
				CLANG_WARN_NON_LITERAL_NULL_CONVERSION = YES;
				CLANG_WARN_OBJC_IMPLICIT_RETAIN_SELF = YES;
				CLANG_WARN_OBJC_LITERAL_CONVERSION = YES;
				CLANG_WARN_OBJC_ROOT_CLASS = YES_ERROR;
				CLANG_WARN_QUOTED_INCLUDE_IN_FRAMEWORK_HEADER = YES;
				CLANG_WARN_RANGE_LOOP_ANALYSIS = YES;
				CLANG_WARN_STRICT_PROTOTYPES = YES;
				CLANG_WARN_SUSPICIOUS_MOVE = YES;
				CLANG_WARN_UNGUARDED_AVAILABILITY = YES_AGGRESSIVE;
				CLANG_WARN_UNREACHABLE_CODE = YES;
				CLANG_WARN__DUPLICATE_METHOD_MATCH = YES;
				COPY_PHASE_STRIP = NO;
				DEBUG_INFORMATION_FORMAT = dwarf;
				ENABLE_STRICT_OBJC_MSGSEND = YES;
				ENABLE_TESTABILITY = YES;
				ENABLE_USER_SCRIPT_SANDBOXING = NO;
				GCC_C_LANGUAGE_STANDARD = gnu17;
				GCC_DYNAMIC_NO_PIC = NO;
				GCC_NO_COMMON_BLOCKS = YES;
				GCC_OPTIMIZATION_LEVEL = 0;
				GCC_PREPROCESSOR_DEFINITIONS = (
					"DEBUG=1",
					"$(inherited)",
				);
				GCC_WARN_64_TO_32_BIT_CONVERSION = YES;
				GCC_WARN_ABOUT_RETURN_TYPE = YES_ERROR;
				GCC_WARN_UNDECLARED_SELECTOR = YES;
				GCC_WARN_UNINITIALIZED_AUTOS = YES_AGGRESSIVE;
				GCC_WARN_UNUSED_FUNCTION = YES;
				GCC_WARN_UNUSED_VARIABLE = YES;
				IPHONEOS_DEPLOYMENT_TARGET = 18.2;
				LOCALIZATION_PREFERS_STRING_CATALOGS = YES;
				MTL_ENABLE_DEBUG_INFO = INCLUDE_SOURCE;
				MTL_FAST_MATH = YES;
				ONLY_ACTIVE_ARCH = YES;
				SDKROOT = iphoneos;
				SWIFT_ACTIVE_COMPILATION_CONDITIONS = "DEBUG $(inherited)";
				SWIFT_OPTIMIZATION_LEVEL = "-Onone";
			};
			name = Debug;
		};
		C40DAC282D46EEE900BDEA5F /* Release */ = {
			isa = XCBuildConfiguration;
			buildSettings = {
				ALWAYS_SEARCH_USER_PATHS = NO;
				ASSETCATALOG_COMPILER_GENERATE_SWIFT_ASSET_SYMBOL_EXTENSIONS = YES;
				CLANG_ANALYZER_NONNULL = YES;
				CLANG_ANALYZER_NUMBER_OBJECT_CONVERSION = YES_AGGRESSIVE;
				CLANG_CXX_LANGUAGE_STANDARD = "gnu++20";
				CLANG_ENABLE_MODULES = YES;
				CLANG_ENABLE_OBJC_ARC = YES;
				CLANG_ENABLE_OBJC_WEAK = YES;
				CLANG_WARN_BLOCK_CAPTURE_AUTORELEASING = YES;
				CLANG_WARN_BOOL_CONVERSION = YES;
				CLANG_WARN_COMMA = YES;
				CLANG_WARN_CONSTANT_CONVERSION = YES;
				CLANG_WARN_DEPRECATED_OBJC_IMPLEMENTATIONS = YES;
				CLANG_WARN_DIRECT_OBJC_ISA_USAGE = YES_ERROR;
				CLANG_WARN_DOCUMENTATION_COMMENTS = YES;
				CLANG_WARN_EMPTY_BODY = YES;
				CLANG_WARN_ENUM_CONVERSION = YES;
				CLANG_WARN_INFINITE_RECURSION = YES;
				CLANG_WARN_INT_CONVERSION = YES;
				CLANG_WARN_NON_LITERAL_NULL_CONVERSION = YES;
				CLANG_WARN_OBJC_IMPLICIT_RETAIN_SELF = YES;
				CLANG_WARN_OBJC_LITERAL_CONVERSION = YES;
				CLANG_WARN_OBJC_ROOT_CLASS = YES_ERROR;
				CLANG_WARN_QUOTED_INCLUDE_IN_FRAMEWORK_HEADER = YES;
				CLANG_WARN_RANGE_LOOP_ANALYSIS = YES;
				CLANG_WARN_STRICT_PROTOTYPES = YES;
				CLANG_WARN_SUSPICIOUS_MOVE = YES;
				CLANG_WARN_UNGUARDED_AVAILABILITY = YES_AGGRESSIVE;
				CLANG_WARN_UNREACHABLE_CODE = YES;
				CLANG_WARN__DUPLICATE_METHOD_MATCH = YES;
				COPY_PHASE_STRIP = NO;
				DEBUG_INFORMATION_FORMAT = "dwarf-with-dsym";
				ENABLE_NS_ASSERTIONS = NO;
				ENABLE_STRICT_OBJC_MSGSEND = YES;
				ENABLE_USER_SCRIPT_SANDBOXING = NO;
				GCC_C_LANGUAGE_STANDARD = gnu17;
				GCC_NO_COMMON_BLOCKS = YES;
				GCC_WARN_64_TO_32_BIT_CONVERSION = YES;
				GCC_WARN_ABOUT_RETURN_TYPE = YES_ERROR;
				GCC_WARN_UNDECLARED_SELECTOR = YES;
				GCC_WARN_UNINITIALIZED_AUTOS = YES_AGGRESSIVE;
				GCC_WARN_UNUSED_FUNCTION = YES;
				GCC_WARN_UNUSED_VARIABLE = YES;
				IPHONEOS_DEPLOYMENT_TARGET = 18.2;
				LOCALIZATION_PREFERS_STRING_CATALOGS = YES;
				MTL_ENABLE_DEBUG_INFO = NO;
				MTL_FAST_MATH = YES;
				SDKROOT = iphoneos;
				SWIFT_COMPILATION_MODE = wholemodule;
				VALIDATE_PRODUCT = YES;
			};
			name = Release;
		};
		C40DAC2A2D46EEE900BDEA5F /* Debug */ = {
			isa = XCBuildConfiguration;
			baseConfigurationReference = CD5B2D3E18BCFCC6C6DD68D4 /* Pods-sportsAppTests.debug.xcconfig */;
			buildSettings = {
				BUNDLE_LOADER = "$(TEST_HOST)";
				CODE_SIGN_STYLE = Automatic;
				CURRENT_PROJECT_VERSION = 1;
				GENERATE_INFOPLIST_FILE = YES;
				IPHONEOS_DEPLOYMENT_TARGET = 18.2;
				MARKETING_VERSION = 1.0;
				PRODUCT_BUNDLE_IDENTIFIER = iti.sportsAppTests;
				PRODUCT_NAME = "$(TARGET_NAME)";
				SWIFT_EMIT_LOC_STRINGS = NO;
				SWIFT_VERSION = 5.0;
				TARGETED_DEVICE_FAMILY = "1,2";
				TEST_HOST = "$(BUILT_PRODUCTS_DIR)/sportsApp.app/$(BUNDLE_EXECUTABLE_FOLDER_PATH)/sportsApp";
			};
			name = Debug;
		};
		C40DAC2B2D46EEE900BDEA5F /* Release */ = {
			isa = XCBuildConfiguration;
			baseConfigurationReference = D974FA7D718EA7EB8D7602D0 /* Pods-sportsAppTests.release.xcconfig */;
			buildSettings = {
				BUNDLE_LOADER = "$(TEST_HOST)";
				CODE_SIGN_STYLE = Automatic;
				CURRENT_PROJECT_VERSION = 1;
				GENERATE_INFOPLIST_FILE = YES;
				IPHONEOS_DEPLOYMENT_TARGET = 18.2;
				MARKETING_VERSION = 1.0;
				PRODUCT_BUNDLE_IDENTIFIER = iti.sportsAppTests;
				PRODUCT_NAME = "$(TARGET_NAME)";
				SWIFT_EMIT_LOC_STRINGS = NO;
				SWIFT_VERSION = 5.0;
				TARGETED_DEVICE_FAMILY = "1,2";
				TEST_HOST = "$(BUILT_PRODUCTS_DIR)/sportsApp.app/$(BUNDLE_EXECUTABLE_FOLDER_PATH)/sportsApp";
			};
			name = Release;
		};
		C40DAC2D2D46EEE900BDEA5F /* Debug */ = {
			isa = XCBuildConfiguration;
			baseConfigurationReference = 5299D8BA2CE7FFA0C1194305 /* Pods-sportsApp-sportsAppUITests.debug.xcconfig */;
			buildSettings = {
				CODE_SIGN_STYLE = Automatic;
				CURRENT_PROJECT_VERSION = 1;
				GENERATE_INFOPLIST_FILE = YES;
				MARKETING_VERSION = 1.0;
				PRODUCT_BUNDLE_IDENTIFIER = iti.sportsAppUITests;
				PRODUCT_NAME = "$(TARGET_NAME)";
				SWIFT_EMIT_LOC_STRINGS = NO;
				SWIFT_VERSION = 5.0;
				TARGETED_DEVICE_FAMILY = "1,2";
				TEST_TARGET_NAME = sportsApp;
			};
			name = Debug;
		};
		C40DAC2E2D46EEE900BDEA5F /* Release */ = {
			isa = XCBuildConfiguration;
			baseConfigurationReference = 978023354CC09C8CBFDD6E43 /* Pods-sportsApp-sportsAppUITests.release.xcconfig */;
			buildSettings = {
				CODE_SIGN_STYLE = Automatic;
				CURRENT_PROJECT_VERSION = 1;
				GENERATE_INFOPLIST_FILE = YES;
				MARKETING_VERSION = 1.0;
				PRODUCT_BUNDLE_IDENTIFIER = iti.sportsAppUITests;
				PRODUCT_NAME = "$(TARGET_NAME)";
				SWIFT_EMIT_LOC_STRINGS = NO;
				SWIFT_VERSION = 5.0;
				TARGETED_DEVICE_FAMILY = "1,2";
				TEST_TARGET_NAME = sportsApp;
			};
			name = Release;
		};
/* End XCBuildConfiguration section */

/* Begin XCConfigurationList section */
		C40DABF62D46EEE700BDEA5F /* Build configuration list for PBXProject "sportsApp" */ = {
			isa = XCConfigurationList;
			buildConfigurations = (
				C40DAC272D46EEE900BDEA5F /* Debug */,
				C40DAC282D46EEE900BDEA5F /* Release */,
			);
			defaultConfigurationIsVisible = 0;
			defaultConfigurationName = Release;
		};
		C40DAC242D46EEE900BDEA5F /* Build configuration list for PBXNativeTarget "sportsApp" */ = {
			isa = XCConfigurationList;
			buildConfigurations = (
				C40DAC252D46EEE900BDEA5F /* Debug */,
				C40DAC262D46EEE900BDEA5F /* Release */,
			);
			defaultConfigurationIsVisible = 0;
			defaultConfigurationName = Release;
		};
		C40DAC292D46EEE900BDEA5F /* Build configuration list for PBXNativeTarget "sportsAppTests" */ = {
			isa = XCConfigurationList;
			buildConfigurations = (
				C40DAC2A2D46EEE900BDEA5F /* Debug */,
				C40DAC2B2D46EEE900BDEA5F /* Release */,
			);
			defaultConfigurationIsVisible = 0;
			defaultConfigurationName = Release;
		};
		C40DAC2C2D46EEE900BDEA5F /* Build configuration list for PBXNativeTarget "sportsAppUITests" */ = {
			isa = XCConfigurationList;
			buildConfigurations = (
				C40DAC2D2D46EEE900BDEA5F /* Debug */,
				C40DAC2E2D46EEE900BDEA5F /* Release */,
			);
			defaultConfigurationIsVisible = 0;
			defaultConfigurationName = Release;
		};
/* End XCConfigurationList section */
	};
	rootObject = C40DABF32D46EEE700BDEA5F /* Project object */;
}
